{
  "nodes": {
    "flake-compat": {
      "flake": false,
      "locked": {
        "lastModified": 1673956053,
        "narHash": "sha256-4gtG9iQuiKITOjNQQeQIpoIB6b16fm+504Ch3sNKLd8=",
        "owner": "edolstra",
        "repo": "flake-compat",
        "rev": "35bb57c0c8d8b62bbfd284272c928ceb64ddbde9",
        "type": "github"
      },
      "original": {
        "owner": "edolstra",
        "repo": "flake-compat",
        "type": "github"
      }
    },
    "nixpkgs": {
      "locked": {
        "lastModified": 1684049129,
        "narHash": "sha256-7WB9LpnPNAS8oI7hMoHeKLNhRX7k3CI9uWBRSfmOCCE=",
        "owner": "nixos",
        "repo": "nixpkgs",
        "rev": "0470f36b02ef01d4f43c641bbf07020bcab71bf1",
        "type": "github"
      },
      "original": {
        "owner": "nixos",
        "ref": "nixos-unstable",
        "repo": "nixpkgs",
        "type": "github"
      }
    },
    "root": {
      "inputs": {
        "flake-compat": "flake-compat",
        "nixpkgs": "nixpkgs",
        "servant": "servant"
      }
    },
    "servant": {
      "flake": false,
      "locked": {
        "lastModified": 1682276706,
        "narHash": "sha256-p0QHDFLs6dOIoPILrC20iYplPaFz/7YUssoKIi2iYzI=",
        "owner": "haskell-servant",
        "repo": "servant",
        "rev": "7ae787371333556a7b84778631ed91d1d73e8370",
        "type": "github"
      },
      "original": {
        "owner": "haskell-servant",
        "repo": "servant",
        "type": "github"
      }
    }
  },
  "root": "root",
  "version": 7
}
