{
  "nodes": {
    "bsb-http-chunked": {
      "flake": false,
      "locked": {
        "lastModified": 1666195516,
        "narHash": "sha256-+UDxfywXPjxPuFupcB8veyMYWVQCKha64me9HADtFGg=",
        "owner": "sjakobi",
        "repo": "bsb-http-chunked",
        "rev": "c0ecd72fe2beb1cf7de9340cc8b4a31045460532",
        "type": "github"
      },
      "original": {
        "owner": "sjakobi",
        "repo": "bsb-http-chunked",
        "type": "github"
      }
    },
    "flake-compat": {
      "flake": false,
      "locked": {
        "lastModified": 1673956053,
        "narHash": "sha256-4gtG9iQuiKITOjNQQeQIpoIB6b16fm+504Ch3sNKLd8=",
        "owner": "edolstra",
        "repo": "flake-compat",
        "rev": "35bb57c0c8d8b62bbfd284272c928ceb64ddbde9",
        "type": "github"
      },
      "original": {
        "owner": "edolstra",
        "repo": "flake-compat",
        "type": "github"
      }
    },
    "nixpkgs": {
      "locked": {
        "lastModified": 1684139381,
        "narHash": "sha256-YPLMeYE+UzxxP0qbkBzv3RBDvyGR5I4d7v2n8dI3+fY=",
        "owner": "nixos",
        "repo": "nixpkgs",
        "rev": "17a689596b72d1906883484838eb1aaf51ab8001",
        "type": "github"
      },
      "original": {
        "owner": "nixos",
        "ref": "nixos-unstable",
        "repo": "nixpkgs",
        "type": "github"
      }
    },
    "root": {
      "inputs": {
        "bsb-http-chunked": "bsb-http-chunked",
        "flake-compat": "flake-compat",
        "nixpkgs": "nixpkgs",
        "servant": "servant",
        "wai": "wai"
      }
    },
    "servant": {
      "flake": false,
      "locked": {
        "lastModified": 1682276706,
        "narHash": "sha256-p0QHDFLs6dOIoPILrC20iYplPaFz/7YUssoKIi2iYzI=",
        "owner": "haskell-servant",
        "repo": "servant",
        "rev": "7ae787371333556a7b84778631ed91d1d73e8370",
        "type": "github"
      },
      "original": {
        "owner": "haskell-servant",
        "repo": "servant",
        "type": "github"
      }
    },
    "wai": {
      "flake": false,
      "locked": {
        "lastModified": 1680052379,
        "narHash": "sha256-QZGvDzL1gfhKpKTgsvrGjAyFzea4pAmGs8tP5tZ2fuI=",
        "owner": "yesodweb",
        "repo": "wai",
        "rev": "cac6fe68534f697180ff3a06a4c75604a6669a51",
        "type": "github"
      },
      "original": {
        "owner": "yesodweb",
        "repo": "wai",
        "type": "github"
      }
    }
  },
  "root": "root",
  "version": 7
}
